apiVersion: chaos.opendatahub.io/v1alpha1
kind: ChaosExperiment
metadata:
  name: ray-finalizer-block
spec:
  target:
    operator: ray
    component: ray-operator-controller-manager
    resource: RayCluster
  steadyState:
    checks:
      - type: conditionTrue
        apiVersion: apps/v1
        kind: Deployment
        name: ray-operator-controller-manager
        namespace: opendatahub
        conditionType: Available
    timeout: "30s"
  injection:
    type: FinalizerBlock
    parameters:
      apiVersion: ray.io/v1
      kind: RayCluster
      name: test-raycluster
      finalizer: ray.io/finalizer
    ttl: "300s"
  hypothesis:
    description: >-
      When a stuck finalizer prevents a RayCluster from being deleted, the
      controller should handle the Terminating state gracefully and not leak
      associated head or worker pods. The chaos framework removes the
      finalizer via TTL-based cleanup after 300s.
    recoveryTimeout: 180s
  blastRadius:
    maxPodsAffected: 1
    allowedNamespaces:
      - opendatahub
